PODS:
  - adhara_socket_io (0.0.1):
    - Flutter
    - Socket.IO-Client-Swift
    - Starscream
  - Flutter (1.0.0)
  - FMDB (2.7.5):
    - FMDB/standard (= 2.7.5)
  - FMDB/standard (2.7.5)
  - path_provider (0.0.1):
    - Flutter
  - Socket.IO-Client-Swift (15.1.0):
    - Starscream (~> 3.1)
  - sqflite (0.0.1):
    - Flutter
    - FMDB (~> 2.7.2)
  - Starscream (3.1.0)

DEPENDENCIES:
  - adhara_socket_io (from `.symlinks/plugins/adhara_socket_io/ios`)
  - Flutter (from `.symlinks/flutter/ios`)
  - path_provider (from `.symlinks/plugins/path_provider/ios`)
  - sqflite (from `.symlinks/plugins/sqflite/ios`)

SPEC REPOS:
  https://github.com/cocoapods/specs.git:
    - FMDB
    - Socket.IO-Client-Swift
    - Starscream

EXTERNAL SOURCES:
  adhara_socket_io:
    :path: ".symlinks/plugins/adhara_socket_io/ios"
  Flutter:
    :path: ".symlinks/flutter/ios"
  path_provider:
    :path: ".symlinks/plugins/path_provider/ios"
  sqflite:
    :path: ".symlinks/plugins/sqflite/ios"

SPEC CHECKSUMS:
  adhara_socket_io: a2f8b3079a0de70a1a3f5080a8429a4fb7ae9bea
  Flutter: 0e3d915762c693b495b44d77113d4970485de6ec
  FMDB: 2ce00b547f966261cd18927a3ddb07cb6f3db82a
  path_provider: fb74bd0465e96b594bb3b5088ee4a4e7bb1f2a9d
  Socket.IO-Client-Swift: 7cb44c0ffb86e158cee32d0642d30ec5fdcf8f61
  sqflite: 4001a31ff81d210346b500c55b17f4d6c7589dd0
  Starscream: 08172b481e145289c4930cb567230fb55897cfa4

PODFILE CHECKSUM: 2c26e2bafa90f053205a9e99ab1fdce88251e293

COCOAPODS: 1.7.3
